{
  "name": "client_packages",
  "lockfileVersion": 2,
  "requires": true,
  "packages": {
    "": {
      "dependencies": {
        "@types/ragemp-c": "github:CocaColaBear/types-ragemp-c#v1.0"
      }
    },
    "node_modules/@types/ragemp-c": {
      "version": "1.1.5",
      "resolved": "git+ssh://git@github.com/CocaColaBear/types-ragemp-c.git#7cd5101f879707f769868d6a0c725d7e37aed30d",
      "license": "MIT"
    }
  },
  "dependencies": {
    "@types/ragemp-c": {
      "version": "git+ssh://git@github.com/CocaColaBear/types-ragemp-c.git#7cd5101f879707f769868d6a0c725d7e37aed30d",
      "from": "@types/ragemp-c@github:CocaColaBear/types-ragemp-c#v1.0"
    }
  }
}
